{
  "originHash" : "e70d3525c8e2819a8b34f22909815dab5c700c25a06c32388f3930f7b3627768",
  "pins" : [
    {
      "identity" : "maplibre-gl-native-distribution",
      "kind" : "remoteSourceControl",
      "location" : "https://github.com/maplibre/maplibre-gl-native-distribution",
      "state" : {
        "revision" : "5ee345ca5d65238a6fce29bba87816204be7df20",
        "version" : "6.28.0"
      }
    }
  ],
  "version" : 3
}
