PODS:
  - libwebp (1.6.0):
    - libwebp/demux (= 1.6.0)
    - libwebp/mux (= 1.6.0)
    - libwebp/sharpyuv (= 1.6.0)
    - libwebp/webp (= 1.6.0)
  - libwebp/demux (1.6.0):
    - libwebp/webp
  - libwebp/mux (1.6.0):
    - libwebp/demux
  - libwebp/sharpyuv (1.6.0)
  - libwebp/webp (1.6.0):
    - libwebp/sharpyuv
  - Lynx (4.0.0):
    - Lynx/Framework (= 4.0.0)
  - Lynx/Framework (4.0.0):
    - Lynx/ReleaseResource
    - LynxBase/Framework
    - LynxServiceAPI
    - PrimJS/napi/env
    - PrimJS/napi/jsc
    - PrimJS/napi/quickjs
    - PrimJS/quickjs (= 4.0.0)
  - Lynx/ReleaseResource (4.0.0)
  - LynxBase (4.0.0):
    - LynxBase/Framework (= 4.0.0)
  - LynxBase/Framework (4.0.0):
    - LynxServiceAPI/Core
  - LynxService/Http (4.0.0):
    - Lynx (= 4.0.0)
    - LynxServiceAPI (= 4.0.0)
  - LynxService/Image (4.0.0):
    - Lynx (= 4.0.0)
    - LynxServiceAPI (= 4.0.0)
    - SDWebImage (= 5.15.5)
    - SDWebImageWebPCoder (= 0.11.0)
  - LynxService/Log (4.0.0):
    - Lynx (= 4.0.0)
    - LynxBase (= 4.0.0)
    - LynxServiceAPI (= 4.0.0)
  - LynxServiceAPI (4.0.0):
    - LynxServiceAPI/Core (= 4.0.0)
  - LynxServiceAPI/Core (4.0.0)
  - PrimJS/log (4.0.0)
  - PrimJS/napi/core (4.0.0)
  - PrimJS/napi/env (4.0.0):
    - PrimJS/napi/core
  - PrimJS/napi/jsc (4.0.0):
    - PrimJS/log
    - PrimJS/napi/core
    - PrimJS/quickjs
  - PrimJS/napi/quickjs (4.0.0):
    - PrimJS/napi/core
    - PrimJS/quickjs
  - PrimJS/quickjs (4.0.0):
    - PrimJS/log
  - SDWebImage (5.15.5):
    - SDWebImage/Core (= 5.15.5)
  - SDWebImage/Core (5.15.5)
  - SDWebImageWebPCoder (0.11.0):
    - libwebp (~> 1.0)
    - SDWebImage/Core (~> 5.15)
  - ServalSVG (0.1.1)
  - XElement/Input (4.0.0):
    - Lynx (= 4.0.0)
  - XElement/SVG (4.0.0):
    - Lynx (= 4.0.0)
    - ServalSVG (>= 0.0.17)

DEPENDENCIES:
  - Lynx/Framework (= 4.0.0)
  - LynxService/Http (= 4.0.0)
  - LynxService/Image (= 4.0.0)
  - LynxService/Log (= 4.0.0)
  - XElement/Input (= 4.0.0)
  - XElement/SVG (= 4.0.0)

SPEC REPOS:
  trunk:
    - libwebp
    - Lynx
    - LynxBase
    - LynxService
    - LynxServiceAPI
    - PrimJS
    - SDWebImage
    - SDWebImageWebPCoder
    - ServalSVG
    - XElement

SPEC CHECKSUMS:
  libwebp: af5937a13536ef73f3784d69cc342b98961acf33
  Lynx: 34c94a5ca239b8c282519ccbb598da390c3d7741
  LynxBase: 0d3bd0b34481421ab2650c5ce2ede9bd8a9d4d0d
  LynxService: e814fa4b7fc2df2abd9d3d330a1f2160130ecbdd
  LynxServiceAPI: 49e15fd0fa9647a36118016ce271b097297f5e23
  PrimJS: f048efc0923e73cde312466a110516f56b70834d
  SDWebImage: fd7e1a22f00303e058058278639bf6196ee431fe
  SDWebImageWebPCoder: 295a6573c512f54ad2dd58098e64e17dcf008499
  ServalSVG: 6990830fdd5c1e7d545fc8c842a98bea6007dd86
  XElement: 4f08b694546688719a726cf2cbe4a28d4d01e9ef

PODFILE CHECKSUM: 07c84301cb8e9ff8e3dd9b59a74ca77a0c4ba5ac

COCOAPODS: 1.16.2
